
Microsoft Visual Studio Solution File, Format Version 12.00
# Visual Studio Version 17
VisualStudioVersion = 17.5.002.0
MinimumVisualStudioVersion = 10.0.40219.1
Project("{9A19103F-16F7-4668-BE54-9A1E7A4F7556}") = "client-side", "client-side\client-side.csproj", "{28A40311-128F-41AB-AF08-705F30E0F678}"
EndProject
Project("{9A19103F-16F7-4668-BE54-9A1E7A4F7556}") = "server-side", "server-side\server-side.csproj", "{18FD2B5A-9C0E-4AC1-85ED-1C1A82987ACC}"
EndProject
Global
	GlobalSection(SolutionConfigurationPlatforms) = preSolution
		Debug|Any CPU = Debug|Any CPU
		Release|Any CPU = Release|Any CPU
	EndGlobalSection
	GlobalSection(ProjectConfigurationPlatforms) = postSolution
		{28A40311-128F-41AB-AF08-705F30E0F678}.Debug|Any CPU.ActiveCfg = Debug|Any CPU
		{28A40311-128F-41AB-AF08-705F30E0F678}.Debug|Any CPU.Build.0 = Debug|Any CPU
		{28A40311-128F-41AB-AF08-705F30E0F678}.Release|Any CPU.ActiveCfg = Release|Any CPU
		{28A40311-128F-41AB-AF08-705F30E0F678}.Release|Any CPU.Build.0 = Release|Any CPU
		{18FD2B5A-9C0E-4AC1-85ED-1C1A82987ACC}.Debug|Any CPU.ActiveCfg = Debug|Any CPU
		{18FD2B5A-9C0E-4AC1-85ED-1C1A82987ACC}.Debug|Any CPU.Build.0 = Debug|Any CPU
		{18FD2B5A-9C0E-4AC1-85ED-1C1A82987ACC}.Release|Any CPU.ActiveCfg = Release|Any CPU
		{18FD2B5A-9C0E-4AC1-85ED-1C1A82987ACC}.Release|Any CPU.Build.0 = Release|Any CPU
	EndGlobalSection
	GlobalSection(SolutionProperties) = preSolution
		HideSolutionNode = FALSE
	EndGlobalSection
	GlobalSection(ExtensibilityGlobals) = postSolution
		SolutionGuid = {69138DC0-6A2F-4926-85B4-A118298EF0AD}
	EndGlobalSection
EndGlobal
